// !$*UTF8*$!
{
	archiveVersion = 1;
	classes = {
	};
	objectVersion = 50;
	objects = {

/* Begin PBXBuildFile section */
		52689522247F4F63002C1290 /* AppDelegate.swift in Sources */ = {isa = PBXBuildFile; fileRef = 52689521247F4F63002C1290 /* AppDelegate.swift */; };
		52689524247F4F63002C1290 /* SceneDelegate.swift in Sources */ = {isa = PBXBuildFile; fileRef = 52689523247F4F63002C1290 /* SceneDelegate.swift */; };
		52689526247F4F63002C1290 /* ContentView.swift in Sources */ = {isa = PBXBuildFile; fileRef = 52689525247F4F63002C1290 /* ContentView.swift */; };
		52689528247F4F66002C1290 /* Assets.xcassets in Resources */ = {isa = PBXBuildFile; fileRef = 52689527247F4F66002C1290 /* Assets.xcassets */; };
		5268952B247F4F66002C1290 /* Preview Assets.xcassets in Resources */ = {isa = PBXBuildFile; fileRef = 5268952A247F4F66002C1290 /* Preview Assets.xcassets */; };
		5268952E247F4F66002C1290 /* LaunchScreen.storyboard in Resources */ = {isa = PBXBuildFile; fileRef = 5268952C247F4F66002C1290 /* LaunchScreen.storyboard */; };
		52689536247F52F5002C1290 /* DetailView.swift in Sources */ = {isa = PBXBuildFile; fileRef = 52689535247F52F5002C1290 /* DetailView.swift */; };
/* End PBXBuildFile section */

/* Begin PBXFileReference section */
		5268951E247F4F63002C1290 /* Alt.app */ = {isa = PBXFileReference; explicitFileType = wrapper.application; includeInIndex = 0; path = Alt.app; sourceTree = BUILT_PRODUCTS_DIR; };
		52689521247F4F63002C1290 /* AppDelegate.swift */ = {isa = PBXFileReference; lastKnownFileType = sourcecode.swift; path = AppDelegate.swift; sourceTree = "<group>"; };
		52689523247F4F63002C1290 /* SceneDelegate.swift */ = {isa = PBXFileReference; lastKnownFileType = sourcecode.swift; path = SceneDelegate.swift; sourceTree = "<group>"; };
		52689525247F4F63002C1290 /* ContentView.swift */ = {isa = PBXFileReference; lastKnownFileType = sourcecode.swift; path = ContentView.swift; sourceTree = "<group>"; };
		52689527247F4F66002C1290 /* Assets.xcassets */ = {isa = PBXFileReference; lastKnownFileType = folder.assetcatalog; path = Assets.xcassets; sourceTree = "<group>"; };
		5268952A247F4F66002C1290 /* Preview Assets.xcassets */ = {isa = PBXFileReference; lastKnownFileType = folder.assetcatalog; path = "Preview Assets.xcassets"; sourceTree = "<group>"; };
		5268952D247F4F66002C1290 /* Base */ = {isa = PBXFileReference; lastKnownFileType = file.storyboard; name = Base; path = Base.lproj/LaunchScreen.storyboard; sourceTree = "<group>"; };
		5268952F247F4F66002C1290 /* Info.plist */ = {isa = PBXFileReference; lastKnownFileType = text.plist.xml; path = Info.plist; sourceTree = "<group>"; };
		52689535247F52F5002C1290 /* DetailView.swift */ = {isa = PBXFileReference; lastKnownFileType = sourcecode.swift; path = DetailView.swift; sourceTree = "<group>"; };
/* End PBXFileReference section */

/* Begin PBXFrameworksBuildPhase section */
		5268951B247F4F63002C1290 /* Frameworks */ = {
			isa = PBXFrameworksBuildPhase;
			buildActionMask = 2147483647;
			files = (
			);
			runOnlyForDeploymentPostprocessing = 0;
		};
/* End PBXFrameworksBuildPhase section */

/* Begin PBXGroup section */
		52689515247F4F63002C1290 = {
			isa = PBXGroup;
			children = (
				52689520247F4F63002C1290 /* Alt */,
				5268951F247F4F63002C1290 /* Products */,
			);
			sourceTree = "<group>";
		};
		5268951F247F4F63002C1290 /* Products */ = {
			isa = PBXGroup;
			children = (
				5268951E247F4F63002C1290 /* Alt.app */,
			);
			name = Products;
			sourceTree = "<group>";
		};
		52689520247F4F63002C1290 /* Alt */ = {
			isa = PBXGroup;
			children = (
				52689525247F4F63002C1290 /* ContentView.swift */,
				52689535247F52F5002C1290 /* DetailView.swift */,
				52689521247F4F63002C1290 /* AppDelegate.swift */,
				52689523247F4F63002C1290 /* SceneDelegate.swift */,
				52689527247F4F66002C1290 /* Assets.xcassets */,
				5268952C247F4F66002C1290 /* LaunchScreen.storyboard */,
				5268952F247F4F66002C1290 /* Info.plist */,
				52689529247F4F66002C1290 /* Preview Content */,
			);
			path = Alt;
			sourceTree = "<group>";
		};
		52689529247F4F66002C1290 /* Preview Content */ = {
			isa = PBXGroup;
			children = (
				5268952A247F4F66002C1290 /* Preview Assets.xcassets */,
			);
			path = "Preview Content";
			sourceTree = "<group>";
		};
/* End PBXGroup section */

/* Begin PBXNativeTarget section */
		5268951D247F4F63002C1290 /* Alt */ = {
			isa = PBXNativeTarget;
			buildConfigurationList = 52689532247F4F66002C1290 /* Build configuration list for PBXNativeTarget "Alt" */;
			buildPhases = (
				5268951A247F4F63002C1290 /* Sources */,
				5268951B247F4F63002C1290 /* Frameworks */,
				5268951C247F4F63002C1290 /* Resources */,
			);
			buildRules = (
			);
			dependencies = (
			);
			name = Alt;
			productName = Alt;
			productReference = 5268951E247F4F63002C1290 /* Alt.app */;
			productType = "com.apple.product-type.application";
		};
/* End PBXNativeTarget section */

/* Begin PBXProject section */
		52689516247F4F63002C1290 /* Project object */ = {
			isa = PBXProject;
			attributes = {
				LastSwiftUpdateCheck = 1150;
				LastUpgradeCheck = 1150;
				ORGANIZATIONNAME = "Aaron Pachesa";
				TargetAttributes = {
					5268951D247F4F63002C1290 = {
						CreatedOnToolsVersion = 11.5;
					};
				};
			};
			buildConfigurationList = 52689519247F4F63002C1290 /* Build configuration list for PBXProject "Alt" */;
			compatibilityVersion = "Xcode 9.3";
			developmentRegion = en;
			hasScannedForEncodings = 0;
			knownRegions = (
				en,
				Base,
			);
			mainGroup = 52689515247F4F63002C1290;
			productRefGroup = 5268951F247F4F63002C1290 /* Products */;
			projectDirPath = "";
			projectRoot = "";
			targets = (
				5268951D247F4F63002C1290 /* Alt */,
			);
		};
/* End PBXProject section */

/* Begin PBXResourcesBuildPhase section */
		5268951C247F4F63002C1290 /* Resources */ = {
			isa = PBXResourcesBuildPhase;
			buildActionMask = 2147483647;
			files = (
				5268952E247F4F66002C1290 /* LaunchScreen.storyboard in Resources */,
				5268952B247F4F66002C1290 /* Preview Assets.xcassets in Resources */,
				52689528247F4F66002C1290 /* Assets.xcassets in Resources */,
			);
			runOnlyForDeploymentPostprocessing = 0;
		};
/* End PBXResourcesBuildPhase section */

/* Begin PBXSourcesBuildPhase section */
		5268951A247F4F63002C1290 /* Sources */ = {
			isa = PBXSourcesBuildPhase;
			buildActionMask = 2147483647;
			files = (
				52689522247F4F63002C1290 /* AppDelegate.swift in Sources */,
				52689536247F52F5002C1290 /* DetailView.swift in Sources */,
				52689524247F4F63002C1290 /* SceneDelegate.swift in Sources */,
				52689526247F4F63002C1290 /* ContentView.swift in Sources */,
			);
			runOnlyForDeploymentPostprocessing = 0;
		};
/* End PBXSourcesBuildPhase section */

/* Begin PBXVariantGroup section */
		5268952C247F4F66002C1290 /* LaunchScreen.storyboard */ = {
			isa = PBXVariantGroup;
			children = (
				5268952D247F4F66002C1290 /* Base */,
			);
			name = LaunchScreen.storyboard;
			sourceTree = "<group>";
		};
/* End PBXVariantGroup section */

/* Begin XCBuildConfiguration section */
		52689530247F4F66002C1290 /* Debug */ = {
			isa = XCBuildConfiguration;
			buildSettings = {
				ALWAYS_SEARCH_USER_PATHS = NO;
				CLANG_ANALYZER_NONNULL = YES;
				CLANG_ANALYZER_NUMBER_OBJECT_CONVERSION = YES_AGGRESSIVE;
				CLANG_CXX_LANGUAGE_STANDARD = "gnu++14";
				CLANG_CXX_LIBRARY = "libc++";
				CLANG_ENABLE_MODULES = YES;
				CLANG_ENABLE_OBJC_ARC = YES;
				CLANG_ENABLE_OBJC_WEAK = YES;
				CLANG_WARN_BLOCK_CAPTURE_AUTORELEASING = YES;
				CLANG_WARN_BOOL_CONVERSION = YES;
				CLANG_WARN_COMMA = YES;
				CLANG_WARN_CONSTANT_CONVERSION = YES;
				CLANG_WARN_DEPRECATED_OBJC_IMPLEMENTATIONS = YES;
				CLANG_WARN_DIRECT_OBJC_ISA_USAGE = YES_ERROR;
				CLANG_WARN_DOCUMENTATION_COMMENTS = YES;
				CLANG_WARN_EMPTY_BODY = YES;
				CLANG_WARN_ENUM_CONVERSION = YES;
				CLANG_WARN_INFINITE_RECURSION = YES;
				CLANG_WARN_INT_CONVERSION = YES;
				CLANG_WARN_NON_LITERAL_NULL_CONVERSION = YES;
				CLANG_WARN_OBJC_IMPLICIT_RETAIN_SELF = YES;
				CLANG_WARN_OBJC_LITERAL_CONVERSION = YES;
				CLANG_WARN_OBJC_ROOT_CLASS = YES_ERROR;
				CLANG_WARN_RANGE_LOOP_ANALYSIS = YES;
				CLANG_WARN_STRICT_PROTOTYPES = YES;
				CLANG_WARN_SUSPICIOUS_MOVE = YES;
				CLANG_WARN_UNGUARDED_AVAILABILITY = YES_AGGRESSIVE;
				CLANG_WARN_UNREACHABLE_CODE = YES;
				CLANG_WARN__DUPLICATE_METHOD_MATCH = YES;
				COPY_PHASE_STRIP = NO;
				DEBUG_INFORMATION_FORMAT = dwarf;
				ENABLE_STRICT_OBJC_MSGSEND = YES;
				ENABLE_TESTABILITY = YES;
				GCC_C_LANGUAGE_STANDARD = gnu11;
				GCC_DYNAMIC_NO_PIC = NO;
				GCC_NO_COMMON_BLOCKS = YES;
				GCC_OPTIMIZATION_LEVEL = 0;
				GCC_PREPROCESSOR_DEFINITIONS = (
					"DEBUG=1",
					"$(inherited)",
				);
				GCC_WARN_64_TO_32_BIT_CONVERSION = YES;
				GCC_WARN_ABOUT_RETURN_TYPE = YES_ERROR;
				GCC_WARN_UNDECLARED_SELECTOR = YES;
				GCC_WARN_UNINITIALIZED_AUTOS = YES_AGGRESSIVE;
				GCC_WARN_UNUSED_FUNCTION = YES;
				GCC_WARN_UNUSED_VARIABLE = YES;
				IPHONEOS_DEPLOYMENT_TARGET = 13.5;
				MTL_ENABLE_DEBUG_INFO = INCLUDE_SOURCE;
				MTL_FAST_MATH = YES;
				ONLY_ACTIVE_ARCH = YES;
				SDKROOT = iphoneos;
				SWIFT_ACTIVE_COMPILATION_CONDITIONS = DEBUG;
				SWIFT_OPTIMIZATION_LEVEL = "-Onone";
			};
			name = Debug;
		};
		52689531247F4F66002C1290 /* Release */ = {
			isa = XCBuildConfiguration;
			buildSettings = {
				ALWAYS_SEARCH_USER_PATHS = NO;
				CLANG_ANALYZER_NONNULL = YES;
				CLANG_ANALYZER_NUMBER_OBJECT_CONVERSION = YES_AGGRESSIVE;
				CLANG_CXX_LANGUAGE_STANDARD = "gnu++14";
				CLANG_CXX_LIBRARY = "libc++";
				CLANG_ENABLE_MODULES = YES;
				CLANG_ENABLE_OBJC_ARC = YES;
				CLANG_ENABLE_OBJC_WEAK = YES;
				CLANG_WARN_BLOCK_CAPTURE_AUTORELEASING = YES;
				CLANG_WARN_BOOL_CONVERSION = YES;
				CLANG_WARN_COMMA = YES;
				CLANG_WARN_CONSTANT_CONVERSION = YES;
				CLANG_WARN_DEPRECATED_OBJC_IMPLEMENTATIONS = YES;
				CLANG_WARN_DIRECT_OBJC_ISA_USAGE = YES_ERROR;
				CLANG_WARN_DOCUMENTATION_COMMENTS = YES;
				CLANG_WARN_EMPTY_BODY = YES;
				CLANG_WARN_ENUM_CONVERSION = YES;
				CLANG_WARN_INFINITE_RECURSION = YES;
				CLANG_WARN_INT_CONVERSION = YES;
				CLANG_WARN_NON_LITERAL_NULL_CONVERSION = YES;
				CLANG_WARN_OBJC_IMPLICIT_RETAIN_SELF = YES;
				CLANG_WARN_OBJC_LITERAL_CONVERSION = YES;
				CLANG_WARN_OBJC_ROOT_CLASS = YES_ERROR;
				CLANG_WARN_RANGE_LOOP_ANALYSIS = YES;
				CLANG_WARN_STRICT_PROTOTYPES = YES;
				CLANG_WARN_SUSPICIOUS_MOVE = YES;
				CLANG_WARN_UNGUARDED_AVAILABILITY = YES_AGGRESSIVE;
				CLANG_WARN_UNREACHABLE_CODE = YES;
				CLANG_WARN__DUPLICATE_METHOD_MATCH = YES;
				COPY_PHASE_STRIP = NO;
				DEBUG_INFORMATION_FORMAT = "dwarf-with-dsym";
				ENABLE_NS_ASSERTIONS = NO;
				ENABLE_STRICT_OBJC_MSGSEND = YES;
				GCC_C_LANGUAGE_STANDARD = gnu11;
				GCC_NO_COMMON_BLOCKS = YES;
				GCC_WARN_64_TO_32_BIT_CONVERSION = YES;
				GCC_WARN_ABOUT_RETURN_TYPE = YES_ERROR;
				GCC_WARN_UNDECLARED_SELECTOR = YES;
				GCC_WARN_UNINITIALIZED_AUTOS = YES_AGGRESSIVE;
				GCC_WARN_UNUSED_FUNCTION = YES;
				GCC_WARN_UNUSED_VARIABLE = YES;
				IPHONEOS_DEPLOYMENT_TARGET = 13.5;
				MTL_ENABLE_DEBUG_INFO = NO;
				MTL_FAST_MATH = YES;
				SDKROOT = iphoneos;
				SWIFT_COMPILATION_MODE = wholemodule;
				SWIFT_OPTIMIZATION_LEVEL = "-O";
				VALIDATE_PRODUCT = YES;
			};
			name = Release;
		};
		52689533247F4F66002C1290 /* Debug */ = {
			isa = XCBuildConfiguration;
			buildSettings = {
				ASSETCATALOG_COMPILER_APPICON_NAME = AppIcon;
				CODE_SIGN_STYLE = Automatic;
				DEVELOPMENT_ASSET_PATHS = "\"Alt/Preview Content\"";
				DEVELOPMENT_TEAM = 3PQWZJD8Z5;
				ENABLE_PREVIEWS = YES;
				INFOPLIST_FILE = Alt/Info.plist;
				LD_RUNPATH_SEARCH_PATHS = (
					"$(inherited)",
					"@executable_path/Frameworks",
				);
				PRODUCT_BUNDLE_IDENTIFIER = com.aaronpachesa.Alt;
				PRODUCT_NAME = "$(TARGET_NAME)";
				SWIFT_VERSION = 5.0;
				TARGETED_DEVICE_FAMILY = "1,2";
			};
			name = Debug;
		};
		52689534247F4F66002C1290 /* Release */ = {
			isa = XCBuildConfiguration;
			buildSettings = {
				ASSETCATALOG_COMPILER_APPICON_NAME = AppIcon;
				CODE_SIGN_STYLE = Automatic;
				DEVELOPMENT_ASSET_PATHS = "\"Alt/Preview Content\"";
				DEVELOPMENT_TEAM = 3PQWZJD8Z5;
				ENABLE_PREVIEWS = YES;
				INFOPLIST_FILE = Alt/Info.plist;
				LD_RUNPATH_SEARCH_PATHS = (
					"$(inherited)",
					"@executable_path/Frameworks",
				);
				PRODUCT_BUNDLE_IDENTIFIER = com.aaronpachesa.Alt;
				PRODUCT_NAME = "$(TARGET_NAME)";
				SWIFT_VERSION = 5.0;
				TARGETED_DEVICE_FAMILY = "1,2";
			};
			name = Release;
		};
/* End XCBuildConfiguration section */

/* Begin XCConfigurationList section */
		52689519247F4F63002C1290 /* Build configuration list for PBXProject "Alt" */ = {
			isa = XCConfigurationList;
			buildConfigurations = (
				52689530247F4F66002C1290 /* Debug */,
				52689531247F4F66002C1290 /* Release */,
			);
			defaultConfigurationIsVisible = 0;
			defaultConfigurationName = Release;
		};
		52689532247F4F66002C1290 /* Build configuration list for PBXNativeTarget "Alt" */ = {
			isa = XCConfigurationList;
			buildConfigurations = (
				52689533247F4F66002C1290 /* Debug */,
				52689534247F4F66002C1290 /* Release */,
			);
			defaultConfigurationIsVisible = 0;
			defaultConfigurationName = Release;
		};
/* End XCConfigurationList section */
	};
	rootObject = 52689516247F4F63002C1290 /* Project object */;
}
